// !$*UTF8*$!
{
	archiveVersion = 1;
	classes = {
	};
	objectVersion = 56;
	objects = {

/* Begin PBXBuildFile section */
		7329AEC62BA36EEB009F03D9 /* AppDelegate.swift in Sources */ = {isa = PBXBuildFile; fileRef = 7329AEC52BA36EEB009F03D9 /* AppDelegate.swift */; };
		7329AEC82BA36EEB009F03D9 /* SceneDelegate.swift in Sources */ = {isa = PBXBuildFile; fileRef = 7329AEC72BA36EEB009F03D9 /* SceneDelegate.swift */; };
		7329AECA2BA36EEB009F03D9 /* CharacterViewController.swift in Sources */ = {isa = PBXBuildFile; fileRef = 7329AEC92BA36EEB009F03D9 /* CharacterViewController.swift */; };
		7329AECD2BA36EEB009F03D9 /* Main.storyboard in Resources */ = {isa = PBXBuildFile; fileRef = 7329AECB2BA36EEB009F03D9 /* Main.storyboard */; };
		7329AECF2BA36EEE009F03D9 /* Assets.xcassets in Resources */ = {isa = PBXBuildFile; fileRef = 7329AECE2BA36EEE009F03D9 /* Assets.xcassets */; };
		7329AED22BA36EEE009F03D9 /* LaunchScreen.storyboard in Resources */ = {isa = PBXBuildFile; fileRef = 7329AED02BA36EEE009F03D9 /* LaunchScreen.storyboard */; };
		7329AEE22BA3703C009F03D9 /* ApiClient.swift in Sources */ = {isa = PBXBuildFile; fileRef = 7329AEE12BA3703B009F03D9 /* ApiClient.swift */; };
		7329AEE42BA37136009F03D9 /* CharacterModelResponse.swift in Sources */ = {isa = PBXBuildFile; fileRef = 7329AEE32BA37136009F03D9 /* CharacterModelResponse.swift */; };
		7329AEE62BA3716F009F03D9 /* CharaterModel.swift in Sources */ = {isa = PBXBuildFile; fileRef = 7329AEE52BA3716F009F03D9 /* CharaterModel.swift */; };
		7329AEE82BA37259009F03D9 /* CharacterListView.swift in Sources */ = {isa = PBXBuildFile; fileRef = 7329AEE72BA37259009F03D9 /* CharacterListView.swift */; };
		7329AEEA2BA3749E009F03D9 /* CharacterListViewCell.swift in Sources */ = {isa = PBXBuildFile; fileRef = 7329AEE92BA3749E009F03D9 /* CharacterListViewCell.swift */; };
		73D705442BA39DCA00EB13D3 /* ListOfCharacterTableViewDatasourse.swift in Sources */ = {isa = PBXBuildFile; fileRef = 73D705432BA39DCA00EB13D3 /* ListOfCharacterTableViewDatasourse.swift */; };
		73D705472BA3A2E800EB13D3 /* Kingfisher in Frameworks */ = {isa = PBXBuildFile; productRef = 73D705462BA3A2E800EB13D3 /* Kingfisher */; };
		73D705492BA3A43D00EB13D3 /* ListCharacterTableViewDelegate.swift in Sources */ = {isa = PBXBuildFile; fileRef = 73D705482BA3A43D00EB13D3 /* ListCharacterTableViewDelegate.swift */; };
		73D7054B2BA3A7E500EB13D3 /* CharacterDetailView.swift in Sources */ = {isa = PBXBuildFile; fileRef = 73D7054A2BA3A7E500EB13D3 /* CharacterDetailView.swift */; };
		73D7054D2BA3A92F00EB13D3 /* CharacterDetailViewController.swift in Sources */ = {isa = PBXBuildFile; fileRef = 73D7054C2BA3A92F00EB13D3 /* CharacterDetailViewController.swift */; };
/* End PBXBuildFile section */

/* Begin PBXFileReference section */
		7329AEC22BA36EEB009F03D9 /* RickAndMortyMVC.app */ = {isa = PBXFileReference; explicitFileType = wrapper.application; includeInIndex = 0; path = RickAndMortyMVC.app; sourceTree = BUILT_PRODUCTS_DIR; };
		7329AEC52BA36EEB009F03D9 /* AppDelegate.swift */ = {isa = PBXFileReference; lastKnownFileType = sourcecode.swift; path = AppDelegate.swift; sourceTree = "<group>"; };
		7329AEC72BA36EEB009F03D9 /* SceneDelegate.swift */ = {isa = PBXFileReference; lastKnownFileType = sourcecode.swift; path = SceneDelegate.swift; sourceTree = "<group>"; };
		7329AEC92BA36EEB009F03D9 /* CharacterViewController.swift */ = {isa = PBXFileReference; lastKnownFileType = sourcecode.swift; path = CharacterViewController.swift; sourceTree = "<group>"; };
		7329AECC2BA36EEB009F03D9 /* Base */ = {isa = PBXFileReference; lastKnownFileType = file.storyboard; name = Base; path = Base.lproj/Main.storyboard; sourceTree = "<group>"; };
		7329AECE2BA36EEE009F03D9 /* Assets.xcassets */ = {isa = PBXFileReference; lastKnownFileType = folder.assetcatalog; path = Assets.xcassets; sourceTree = "<group>"; };
		7329AED12BA36EEE009F03D9 /* Base */ = {isa = PBXFileReference; lastKnownFileType = file.storyboard; name = Base; path = Base.lproj/LaunchScreen.storyboard; sourceTree = "<group>"; };
		7329AED32BA36EEE009F03D9 /* Info.plist */ = {isa = PBXFileReference; lastKnownFileType = text.plist.xml; path = Info.plist; sourceTree = "<group>"; };
		7329AEE12BA3703B009F03D9 /* ApiClient.swift */ = {isa = PBXFileReference; lastKnownFileType = sourcecode.swift; path = ApiClient.swift; sourceTree = "<group>"; };
		7329AEE32BA37136009F03D9 /* CharacterModelResponse.swift */ = {isa = PBXFileReference; lastKnownFileType = sourcecode.swift; path = CharacterModelResponse.swift; sourceTree = "<group>"; };
		7329AEE52BA3716F009F03D9 /* CharaterModel.swift */ = {isa = PBXFileReference; lastKnownFileType = sourcecode.swift; path = CharaterModel.swift; sourceTree = "<group>"; };
		7329AEE72BA37259009F03D9 /* CharacterListView.swift */ = {isa = PBXFileReference; lastKnownFileType = sourcecode.swift; path = CharacterListView.swift; sourceTree = "<group>"; };
		7329AEE92BA3749E009F03D9 /* CharacterListViewCell.swift */ = {isa = PBXFileReference; lastKnownFileType = sourcecode.swift; path = CharacterListViewCell.swift; sourceTree = "<group>"; };
		73D705432BA39DCA00EB13D3 /* ListOfCharacterTableViewDatasourse.swift */ = {isa = PBXFileReference; lastKnownFileType = sourcecode.swift; path = ListOfCharacterTableViewDatasourse.swift; sourceTree = "<group>"; };
		73D705482BA3A43D00EB13D3 /* ListCharacterTableViewDelegate.swift */ = {isa = PBXFileReference; lastKnownFileType = sourcecode.swift; path = ListCharacterTableViewDelegate.swift; sourceTree = "<group>"; };
		73D7054A2BA3A7E500EB13D3 /* CharacterDetailView.swift */ = {isa = PBXFileReference; lastKnownFileType = sourcecode.swift; path = CharacterDetailView.swift; sourceTree = "<group>"; };
		73D7054C2BA3A92F00EB13D3 /* CharacterDetailViewController.swift */ = {isa = PBXFileReference; lastKnownFileType = sourcecode.swift; path = CharacterDetailViewController.swift; sourceTree = "<group>"; };
/* End PBXFileReference section */

/* Begin PBXFrameworksBuildPhase section */
		7329AEBF2BA36EEB009F03D9 /* Frameworks */ = {
			isa = PBXFrameworksBuildPhase;
			buildActionMask = 2147483647;
			files = (
				73D705472BA3A2E800EB13D3 /* Kingfisher in Frameworks */,
			);
			runOnlyForDeploymentPostprocessing = 0;
		};
/* End PBXFrameworksBuildPhase section */

/* Begin PBXGroup section */
		7329AEB92BA36EEB009F03D9 = {
			isa = PBXGroup;
			children = (
				7329AEC42BA36EEB009F03D9 /* RickAndMortyMVC */,
				7329AEC32BA36EEB009F03D9 /* Products */,
			);
			sourceTree = "<group>";
		};
		7329AEC32BA36EEB009F03D9 /* Products */ = {
			isa = PBXGroup;
			children = (
				7329AEC22BA36EEB009F03D9 /* RickAndMortyMVC.app */,
			);
			name = Products;
			sourceTree = "<group>";
		};
		7329AEC42BA36EEB009F03D9 /* RickAndMortyMVC */ = {
			isa = PBXGroup;
			children = (
				7329AEDA2BA36F43009F03D9 /* CharacterDetail */,
				7329AED92BA36EF7009F03D9 /* ListCharacterView */,
				7329AEC52BA36EEB009F03D9 /* AppDelegate.swift */,
				7329AEC72BA36EEB009F03D9 /* SceneDelegate.swift */,
				7329AECE2BA36EEE009F03D9 /* Assets.xcassets */,
				7329AED02BA36EEE009F03D9 /* LaunchScreen.storyboard */,
				7329AED32BA36EEE009F03D9 /* Info.plist */,
			);
			path = RickAndMortyMVC;
			sourceTree = "<group>";
		};
		7329AED92BA36EF7009F03D9 /* ListCharacterView */ = {
			isa = PBXGroup;
			children = (
				7329AEDC2BA36F58009F03D9 /* View */,
				7329AEDB2BA36F4F009F03D9 /* Model */,
				7329AEDD2BA36F62009F03D9 /* Controller */,
			);
			path = ListCharacterView;
			sourceTree = "<group>";
		};
		7329AEDA2BA36F43009F03D9 /* CharacterDetail */ = {
			isa = PBXGroup;
			children = (
				7329AEE02BA36F8E009F03D9 /* View */,
				7329AEDF2BA36F87009F03D9 /* Model */,
				7329AEDE2BA36F7E009F03D9 /* Controller */,
			);
			path = CharacterDetail;
			sourceTree = "<group>";
		};
		7329AEDB2BA36F4F009F03D9 /* Model */ = {
			isa = PBXGroup;
			children = (
				7329AEE12BA3703B009F03D9 /* ApiClient.swift */,
				7329AEE32BA37136009F03D9 /* CharacterModelResponse.swift */,
				7329AEE52BA3716F009F03D9 /* CharaterModel.swift */,
			);
			path = Model;
			sourceTree = "<group>";
		};
		7329AEDC2BA36F58009F03D9 /* View */ = {
			isa = PBXGroup;
			children = (
				7329AEE72BA37259009F03D9 /* CharacterListView.swift */,
				7329AEE92BA3749E009F03D9 /* CharacterListViewCell.swift */,
				7329AECB2BA36EEB009F03D9 /* Main.storyboard */,
			);
			path = View;
			sourceTree = "<group>";
		};
		7329AEDD2BA36F62009F03D9 /* Controller */ = {
			isa = PBXGroup;
			children = (
				7329AEC92BA36EEB009F03D9 /* CharacterViewController.swift */,
				73D705432BA39DCA00EB13D3 /* ListOfCharacterTableViewDatasourse.swift */,
				73D705482BA3A43D00EB13D3 /* ListCharacterTableViewDelegate.swift */,
			);
			path = Controller;
			sourceTree = "<group>";
		};
		7329AEDE2BA36F7E009F03D9 /* Controller */ = {
			isa = PBXGroup;
			children = (
				73D7054C2BA3A92F00EB13D3 /* CharacterDetailViewController.swift */,
			);
			path = Controller;
			sourceTree = "<group>";
		};
		7329AEDF2BA36F87009F03D9 /* Model */ = {
			isa = PBXGroup;
			children = (
			);
			path = Model;
			sourceTree = "<group>";
		};
		7329AEE02BA36F8E009F03D9 /* View */ = {
			isa = PBXGroup;
			children = (
				73D7054A2BA3A7E500EB13D3 /* CharacterDetailView.swift */,
			);
			path = View;
			sourceTree = "<group>";
		};
/* End PBXGroup section */

/* Begin PBXNativeTarget section */
		7329AEC12BA36EEB009F03D9 /* RickAndMortyMVC */ = {
			isa = PBXNativeTarget;
			buildConfigurationList = 7329AED62BA36EEE009F03D9 /* Build configuration list for PBXNativeTarget "RickAndMortyMVC" */;
			buildPhases = (
				7329AEBE2BA36EEB009F03D9 /* Sources */,
				7329AEBF2BA36EEB009F03D9 /* Frameworks */,
				7329AEC02BA36EEB009F03D9 /* Resources */,
			);
			buildRules = (
			);
			dependencies = (
			);
			name = RickAndMortyMVC;
			packageProductDependencies = (
				73D705462BA3A2E800EB13D3 /* Kingfisher */,
			);
			productName = RickAndMortyMVC;
			productReference = 7329AEC22BA36EEB009F03D9 /* RickAndMortyMVC.app */;
			productType = "com.apple.product-type.application";
		};
/* End PBXNativeTarget section */

/* Begin PBXProject section */
		7329AEBA2BA36EEB009F03D9 /* Project object */ = {
			isa = PBXProject;
			attributes = {
				BuildIndependentTargetsInParallel = 1;
				LastSwiftUpdateCheck = 1500;
				LastUpgradeCheck = 1500;
				TargetAttributes = {
					7329AEC12BA36EEB009F03D9 = {
						CreatedOnToolsVersion = 15.0.1;
					};
				};
			};
			buildConfigurationList = 7329AEBD2BA36EEB009F03D9 /* Build configuration list for PBXProject "RickAndMortyMVC" */;
			compatibilityVersion = "Xcode 14.0";
			developmentRegion = en;
			hasScannedForEncodings = 0;
			knownRegions = (
				en,
				Base,
			);
			mainGroup = 7329AEB92BA36EEB009F03D9;
			packageReferences = (
				73D705452BA3A2E800EB13D3 /* XCRemoteSwiftPackageReference "Kingfisher" */,
			);
			productRefGroup = 7329AEC32BA36EEB009F03D9 /* Products */;
			projectDirPath = "";
			projectRoot = "";
			targets = (
				7329AEC12BA36EEB009F03D9 /* RickAndMortyMVC */,
			);
		};
/* End PBXProject section */

/* Begin PBXResourcesBuildPhase section */
		7329AEC02BA36EEB009F03D9 /* Resources */ = {
			isa = PBXResourcesBuildPhase;
			buildActionMask = 2147483647;
			files = (
				7329AED22BA36EEE009F03D9 /* LaunchScreen.storyboard in Resources */,
				7329AECF2BA36EEE009F03D9 /* Assets.xcassets in Resources */,
				7329AECD2BA36EEB009F03D9 /* Main.storyboard in Resources */,
			);
			runOnlyForDeploymentPostprocessing = 0;
		};
/* End PBXResourcesBuildPhase section */

/* Begin PBXSourcesBuildPhase section */
		7329AEBE2BA36EEB009F03D9 /* Sources */ = {
			isa = PBXSourcesBuildPhase;
			buildActionMask = 2147483647;
			files = (
				73D7054D2BA3A92F00EB13D3 /* CharacterDetailViewController.swift in Sources */,
				73D705492BA3A43D00EB13D3 /* ListCharacterTableViewDelegate.swift in Sources */,
				73D7054B2BA3A7E500EB13D3 /* CharacterDetailView.swift in Sources */,
				73D705442BA39DCA00EB13D3 /* ListOfCharacterTableViewDatasourse.swift in Sources */,
				7329AEE42BA37136009F03D9 /* CharacterModelResponse.swift in Sources */,
				7329AECA2BA36EEB009F03D9 /* CharacterViewController.swift in Sources */,
				7329AEEA2BA3749E009F03D9 /* CharacterListViewCell.swift in Sources */,
				7329AEE82BA37259009F03D9 /* CharacterListView.swift in Sources */,
				7329AEC62BA36EEB009F03D9 /* AppDelegate.swift in Sources */,
				7329AEC82BA36EEB009F03D9 /* SceneDelegate.swift in Sources */,
				7329AEE22BA3703C009F03D9 /* ApiClient.swift in Sources */,
				7329AEE62BA3716F009F03D9 /* CharaterModel.swift in Sources */,
			);
			runOnlyForDeploymentPostprocessing = 0;
		};
/* End PBXSourcesBuildPhase section */

/* Begin PBXVariantGroup section */
		7329AECB2BA36EEB009F03D9 /* Main.storyboard */ = {
			isa = PBXVariantGroup;
			children = (
				7329AECC2BA36EEB009F03D9 /* Base */,
			);
			name = Main.storyboard;
			sourceTree = "<group>";
		};
		7329AED02BA36EEE009F03D9 /* LaunchScreen.storyboard */ = {
			isa = PBXVariantGroup;
			children = (
				7329AED12BA36EEE009F03D9 /* Base */,
			);
			name = LaunchScreen.storyboard;
			sourceTree = "<group>";
		};
/* End PBXVariantGroup section */

/* Begin XCBuildConfiguration section */
		7329AED42BA36EEE009F03D9 /* Debug */ = {
			isa = XCBuildConfiguration;
			buildSettings = {
				ALWAYS_SEARCH_USER_PATHS = NO;
				ASSETCATALOG_COMPILER_GENERATE_SWIFT_ASSET_SYMBOL_EXTENSIONS = YES;
				CLANG_ANALYZER_NONNULL = YES;
				CLANG_ANALYZER_NUMBER_OBJECT_CONVERSION = YES_AGGRESSIVE;
				CLANG_CXX_LANGUAGE_STANDARD = "gnu++20";
				CLANG_ENABLE_MODULES = YES;
				CLANG_ENABLE_OBJC_ARC = YES;
				CLANG_ENABLE_OBJC_WEAK = YES;
				CLANG_WARN_BLOCK_CAPTURE_AUTORELEASING = YES;
				CLANG_WARN_BOOL_CONVERSION = YES;
				CLANG_WARN_COMMA = YES;
				CLANG_WARN_CONSTANT_CONVERSION = YES;
				CLANG_WARN_DEPRECATED_OBJC_IMPLEMENTATIONS = YES;
				CLANG_WARN_DIRECT_OBJC_ISA_USAGE = YES_ERROR;
				CLANG_WARN_DOCUMENTATION_COMMENTS = YES;
				CLANG_WARN_EMPTY_BODY = YES;
				CLANG_WARN_ENUM_CONVERSION = YES;
				CLANG_WARN_INFINITE_RECURSION = YES;
				CLANG_WARN_INT_CONVERSION = YES;
				CLANG_WARN_NON_LITERAL_NULL_CONVERSION = YES;
				CLANG_WARN_OBJC_IMPLICIT_RETAIN_SELF = YES;
				CLANG_WARN_OBJC_LITERAL_CONVERSION = YES;
				CLANG_WARN_OBJC_ROOT_CLASS = YES_ERROR;
				CLANG_WARN_QUOTED_INCLUDE_IN_FRAMEWORK_HEADER = YES;
				CLANG_WARN_RANGE_LOOP_ANALYSIS = YES;
				CLANG_WARN_STRICT_PROTOTYPES = YES;
				CLANG_WARN_SUSPICIOUS_MOVE = YES;
				CLANG_WARN_UNGUARDED_AVAILABILITY = YES_AGGRESSIVE;
				CLANG_WARN_UNREACHABLE_CODE = YES;
				CLANG_WARN__DUPLICATE_METHOD_MATCH = YES;
				COPY_PHASE_STRIP = NO;
				DEBUG_INFORMATION_FORMAT = dwarf;
				ENABLE_STRICT_OBJC_MSGSEND = YES;
				ENABLE_TESTABILITY = YES;
				ENABLE_USER_SCRIPT_SANDBOXING = YES;
				GCC_C_LANGUAGE_STANDARD = gnu17;
				GCC_DYNAMIC_NO_PIC = NO;
				GCC_NO_COMMON_BLOCKS = YES;
				GCC_OPTIMIZATION_LEVEL = 0;
				GCC_PREPROCESSOR_DEFINITIONS = (
					"DEBUG=1",
					"$(inherited)",
				);
				GCC_WARN_64_TO_32_BIT_CONVERSION = YES;
				GCC_WARN_ABOUT_RETURN_TYPE = YES_ERROR;
				GCC_WARN_UNDECLARED_SELECTOR = YES;
				GCC_WARN_UNINITIALIZED_AUTOS = YES_AGGRESSIVE;
				GCC_WARN_UNUSED_FUNCTION = YES;
				GCC_WARN_UNUSED_VARIABLE = YES;
				IPHONEOS_DEPLOYMENT_TARGET = 17.0;
				LOCALIZATION_PREFERS_STRING_CATALOGS = YES;
				MTL_ENABLE_DEBUG_INFO = INCLUDE_SOURCE;
				MTL_FAST_MATH = YES;
				ONLY_ACTIVE_ARCH = YES;
				SDKROOT = iphoneos;
				SWIFT_ACTIVE_COMPILATION_CONDITIONS = "DEBUG $(inherited)";
				SWIFT_OPTIMIZATION_LEVEL = "-Onone";
			};
			name = Debug;
		};
		7329AED52BA36EEE009F03D9 /* Release */ = {
			isa = XCBuildConfiguration;
			buildSettings = {
				ALWAYS_SEARCH_USER_PATHS = NO;
				ASSETCATALOG_COMPILER_GENERATE_SWIFT_ASSET_SYMBOL_EXTENSIONS = YES;
				CLANG_ANALYZER_NONNULL = YES;
				CLANG_ANALYZER_NUMBER_OBJECT_CONVERSION = YES_AGGRESSIVE;
				CLANG_CXX_LANGUAGE_STANDARD = "gnu++20";
				CLANG_ENABLE_MODULES = YES;
				CLANG_ENABLE_OBJC_ARC = YES;
				CLANG_ENABLE_OBJC_WEAK = YES;
				CLANG_WARN_BLOCK_CAPTURE_AUTORELEASING = YES;
				CLANG_WARN_BOOL_CONVERSION = YES;
				CLANG_WARN_COMMA = YES;
				CLANG_WARN_CONSTANT_CONVERSION = YES;
				CLANG_WARN_DEPRECATED_OBJC_IMPLEMENTATIONS = YES;
				CLANG_WARN_DIRECT_OBJC_ISA_USAGE = YES_ERROR;
				CLANG_WARN_DOCUMENTATION_COMMENTS = YES;
				CLANG_WARN_EMPTY_BODY = YES;
				CLANG_WARN_ENUM_CONVERSION = YES;
				CLANG_WARN_INFINITE_RECURSION = YES;
				CLANG_WARN_INT_CONVERSION = YES;
				CLANG_WARN_NON_LITERAL_NULL_CONVERSION = YES;
				CLANG_WARN_OBJC_IMPLICIT_RETAIN_SELF = YES;
				CLANG_WARN_OBJC_LITERAL_CONVERSION = YES;
				CLANG_WARN_OBJC_ROOT_CLASS = YES_ERROR;
				CLANG_WARN_QUOTED_INCLUDE_IN_FRAMEWORK_HEADER = YES;
				CLANG_WARN_RANGE_LOOP_ANALYSIS = YES;
				CLANG_WARN_STRICT_PROTOTYPES = YES;
				CLANG_WARN_SUSPICIOUS_MOVE = YES;
				CLANG_WARN_UNGUARDED_AVAILABILITY = YES_AGGRESSIVE;
				CLANG_WARN_UNREACHABLE_CODE = YES;
				CLANG_WARN__DUPLICATE_METHOD_MATCH = YES;
				COPY_PHASE_STRIP = NO;
				DEBUG_INFORMATION_FORMAT = "dwarf-with-dsym";
				ENABLE_NS_ASSERTIONS = NO;
				ENABLE_STRICT_OBJC_MSGSEND = YES;
				ENABLE_USER_SCRIPT_SANDBOXING = YES;
				GCC_C_LANGUAGE_STANDARD = gnu17;
				GCC_NO_COMMON_BLOCKS = YES;
				GCC_WARN_64_TO_32_BIT_CONVERSION = YES;
				GCC_WARN_ABOUT_RETURN_TYPE = YES_ERROR;
				GCC_WARN_UNDECLARED_SELECTOR = YES;
				GCC_WARN_UNINITIALIZED_AUTOS = YES_AGGRESSIVE;
				GCC_WARN_UNUSED_FUNCTION = YES;
				GCC_WARN_UNUSED_VARIABLE = YES;
				IPHONEOS_DEPLOYMENT_TARGET = 17.0;
				LOCALIZATION_PREFERS_STRING_CATALOGS = YES;
				MTL_ENABLE_DEBUG_INFO = NO;
				MTL_FAST_MATH = YES;
				SDKROOT = iphoneos;
				SWIFT_COMPILATION_MODE = wholemodule;
				VALIDATE_PRODUCT = YES;
			};
			name = Release;
		};
		7329AED72BA36EEE009F03D9 /* Debug */ = {
			isa = XCBuildConfiguration;
			buildSettings = {
				ASSETCATALOG_COMPILER_APPICON_NAME = AppIcon;
				ASSETCATALOG_COMPILER_GLOBAL_ACCENT_COLOR_NAME = AccentColor;
				CODE_SIGN_STYLE = Automatic;
				CURRENT_PROJECT_VERSION = 1;
				GENERATE_INFOPLIST_FILE = YES;
				INFOPLIST_FILE = RickAndMortyMVC/Info.plist;
				INFOPLIST_KEY_UIApplicationSupportsIndirectInputEvents = YES;
				INFOPLIST_KEY_UILaunchStoryboardName = LaunchScreen;
				INFOPLIST_KEY_UIMainStoryboardFile = Main;
				INFOPLIST_KEY_UISupportedInterfaceOrientations_iPad = "UIInterfaceOrientationPortrait UIInterfaceOrientationPortraitUpsideDown UIInterfaceOrientationLandscapeLeft UIInterfaceOrientationLandscapeRight";
				INFOPLIST_KEY_UISupportedInterfaceOrientations_iPhone = "UIInterfaceOrientationPortrait UIInterfaceOrientationLandscapeLeft UIInterfaceOrientationLandscapeRight";
				LD_RUNPATH_SEARCH_PATHS = (
					"$(inherited)",
					"@executable_path/Frameworks",
				);
				MARKETING_VERSION = 1.0;
				PRODUCT_BUNDLE_IDENTIFIER = holahacker01.com.RickAndMortyMVC;
				PRODUCT_NAME = "$(TARGET_NAME)";
				SWIFT_EMIT_LOC_STRINGS = YES;
				SWIFT_VERSION = 5.0;
				TARGETED_DEVICE_FAMILY = "1,2";
			};
			name = Debug;
		};
		7329AED82BA36EEE009F03D9 /* Release */ = {
			isa = XCBuildConfiguration;
			buildSettings = {
				ASSETCATALOG_COMPILER_APPICON_NAME = AppIcon;
				ASSETCATALOG_COMPILER_GLOBAL_ACCENT_COLOR_NAME = AccentColor;
				CODE_SIGN_STYLE = Automatic;
				CURRENT_PROJECT_VERSION = 1;
				GENERATE_INFOPLIST_FILE = YES;
				INFOPLIST_FILE = RickAndMortyMVC/Info.plist;
				INFOPLIST_KEY_UIApplicationSupportsIndirectInputEvents = YES;
				INFOPLIST_KEY_UILaunchStoryboardName = LaunchScreen;
				INFOPLIST_KEY_UIMainStoryboardFile = Main;
				INFOPLIST_KEY_UISupportedInterfaceOrientations_iPad = "UIInterfaceOrientationPortrait UIInterfaceOrientationPortraitUpsideDown UIInterfaceOrientationLandscapeLeft UIInterfaceOrientationLandscapeRight";
				INFOPLIST_KEY_UISupportedInterfaceOrientations_iPhone = "UIInterfaceOrientationPortrait UIInterfaceOrientationLandscapeLeft UIInterfaceOrientationLandscapeRight";
				LD_RUNPATH_SEARCH_PATHS = (
					"$(inherited)",
					"@executable_path/Frameworks",
				);
				MARKETING_VERSION = 1.0;
				PRODUCT_BUNDLE_IDENTIFIER = holahacker01.com.RickAndMortyMVC;
				PRODUCT_NAME = "$(TARGET_NAME)";
				SWIFT_EMIT_LOC_STRINGS = YES;
				SWIFT_VERSION = 5.0;
				TARGETED_DEVICE_FAMILY = "1,2";
			};
			name = Release;
		};
/* End XCBuildConfiguration section */

/* Begin XCConfigurationList section */
		7329AEBD2BA36EEB009F03D9 /* Build configuration list for PBXProject "RickAndMortyMVC" */ = {
			isa = XCConfigurationList;
			buildConfigurations = (
				7329AED42BA36EEE009F03D9 /* Debug */,
				7329AED52BA36EEE009F03D9 /* Release */,
			);
			defaultConfigurationIsVisible = 0;
			defaultConfigurationName = Release;
		};
		7329AED62BA36EEE009F03D9 /* Build configuration list for PBXNativeTarget "RickAndMortyMVC" */ = {
			isa = XCConfigurationList;
			buildConfigurations = (
				7329AED72BA36EEE009F03D9 /* Debug */,
				7329AED82BA36EEE009F03D9 /* Release */,
			);
			defaultConfigurationIsVisible = 0;
			defaultConfigurationName = Release;
		};
/* End XCConfigurationList section */

/* Begin XCRemoteSwiftPackageReference section */
		73D705452BA3A2E800EB13D3 /* XCRemoteSwiftPackageReference "Kingfisher" */ = {
			isa = XCRemoteSwiftPackageReference;
			repositoryURL = "https://github.com/onevcat/Kingfisher.git";
			requirement = {
				kind = upToNextMajorVersion;
				minimumVersion = 7.11.0;
			};
		};
/* End XCRemoteSwiftPackageReference section */

/* Begin XCSwiftPackageProductDependency section */
		73D705462BA3A2E800EB13D3 /* Kingfisher */ = {
			isa = XCSwiftPackageProductDependency;
			package = 73D705452BA3A2E800EB13D3 /* XCRemoteSwiftPackageReference "Kingfisher" */;
			productName = Kingfisher;
		};
/* End XCSwiftPackageProductDependency section */
	};
	rootObject = 7329AEBA2BA36EEB009F03D9 /* Project object */;
}
